<?xml version="1.0" encoding="utf-8"?>
<Project ToolsVersion="4.0" xmlns="http://schemas.microsoft.com/developer/msbuild/2003">
  <ItemGroup>
    <Filter Include="Исходные файлы">
      <UniqueIdentifier>{4FC737F1-C7A5-4376-A066-2A32D752A2FF}</UniqueIdentifier>
      <Extensions>cpp;c;cc;cxx;def;odl;idl;hpj;bat;asm;asmx</Extensions>
    </Filter>
    <Filter Include="Файлы заголовков">
      <UniqueIdentifier>{93995380-89BD-4b04-88EB-625FBE52EBFB}</UniqueIdentifier>
      <Extensions>h;hh;hpp;hxx;hm;inl;inc;ipp;xsd</Extensions>
    </Filter>
    <Filter Include="Файлы ресурсов">
      <UniqueIdentifier>{67DA6AB6-F800-4c08-8B7A-83BB121AAD01}</UniqueIdentifier>
      <Extensions>rc;ico;cur;bmp;dlg;rc2;rct;bin;rgs;gif;jpg;jpeg;jpe;resx;tiff;tif;png;wav;mfcribbon-ms</Extensions>
    </Filter>
  </ItemGroup>
  <ItemGroup>
    <ClCompile Include="PatternsLab3.cpp">
      <Filter>Исходные файлы</Filter>
    </ClCompile>
    <ClCompile Include="AllSportArena.cpp">
      <Filter>Исходные файлы</Filter>
    </ClCompile>
    <ClCompile Include="Ticket.cpp">
      <Filter>Исходные файлы</Filter>
    </ClCompile>
  </ItemGroup>
  <ItemGroup>
    <ClInclude Include="payNal.h">
      <Filter>Исходные файлы</Filter>
    </ClInclude>
    <ClInclude Include="payOnline.h">
      <Filter>Исходные файлы</Filter>
    </ClInclude>
    <ClInclude Include="sale.h">
      <Filter>Исходные файлы</Filter>
    </ClInclude>
    <ClInclude Include="shoppingBascet.h">
      <Filter>Исходные файлы</Filter>
    </ClInclude>
    <ClInclude Include="Ticket.h">
      <Filter>Исходные файлы</Filter>
    </ClInclude>
    <ClInclude Include="Buyer.h">
      <Filter>Исходные файлы</Filter>
    </ClInclude>
    <ClInclude Include="ICollectionTicket.h">
      <Filter>Исходные файлы</Filter>
    </ClInclude>
    <ClInclude Include="ControlSystem.h">
      <Filter>Файлы заголовков</Filter>
    </ClInclude>
    <ClInclude Include="ICommonFunction.h">
      <Filter>Файлы заголовков</Filter>
    </ClInclude>
    <ClInclude Include="SoldTickets.h">
      <Filter>Исходные файлы</Filter>
    </ClInclude>
    <ClInclude Include="ProtectProxyControl.h">
      <Filter>Исходные файлы</Filter>
    </ClInclude>
    <ClInclude Include="card.h">
      <Filter>Исходные файлы</Filter>
    </ClInclude>
    <ClInclude Include="adapter.h">
      <Filter>Исходные файлы</Filter>
    </ClInclude>
    <ClInclude Include="OnlineWallet.h">
      <Filter>Исходные файлы</Filter>
    </ClInclude>
    <ClInclude Include="Notifier.h">
      <Filter>Исходные файлы</Filter>
    </ClInclude>
    <ClInclude Include="BaseDecorator.h">
      <Filter>Исходные файлы</Filter>
    </ClInclude>
    <ClInclude Include="Telega.h">
      <Filter>Исходные файлы</Filter>
    </ClInclude>
    <ClInclude Include="Sms.h">
      <Filter>Исходные файлы</Filter>
    </ClInclude>
    <ClInclude Include="Mail.h">
      <Filter>Исходные файлы</Filter>
    </ClInclude>
    <ClInclude Include="Calendar.h">
      <Filter>Исходные файлы</Filter>
    </ClInclude>
    <ClInclude Include="Event.h">
      <Filter>Исходные файлы</Filter>
    </ClInclude>
    <ClInclude Include="SequenceEvent.h">
      <Filter>Исходные файлы</Filter>
    </ClInclude>
    <ClInclude Include="CompoundEvents.h">
      <Filter>Исходные файлы</Filter>
    </ClInclude>
    <ClInclude Include="MessageText.h">
      <Filter>Исходные файлы</Filter>
    </ClInclude>
    <ClInclude Include="SportArena.h">
      <Filter>Исходные файлы</Filter>
    </ClInclude>
    <ClInclude Include="TypeSportArena.h">
      <Filter>Исходные файлы</Filter>
    </ClInclude>
    <ClInclude Include="AllSportArena.h">
      <Filter>Исходные файлы</Filter>
    </ClInclude>
    <ClInclude Include="SportArenaFactory.h">
      <Filter>Исходные файлы</Filter>
    </ClInclude>
    <ClInclude Include="AbstractFabrica.h">
      <Filter>Исходные файлы</Filter>
    </ClInclude>
    <ClInclude Include="OnlineFabrica.h">
      <Filter>Исходные файлы</Filter>
    </ClInclude>
    <ClInclude Include="NalFabrica.h">
      <Filter>Исходные файлы</Filter>
    </ClInclude>
    <ClInclude Include="Players.h">
      <Filter>Исходные файлы</Filter>
    </ClInclude>
    <ClInclude Include="ProtPlayers.h">
      <Filter>Исходные файлы</Filter>
    </ClInclude>
    <ClInclude Include="Builder.h">
      <Filter>Исходные файлы</Filter>
    </ClInclude>
    <ClInclude Include="TicketBuilder.h">
      <Filter>Исходные файлы</Filter>
    </ClInclude>
    <ClInclude Include="Director.h">
      <Filter>Исходные файлы</Filter>
    </ClInclude>
    <ClInclude Include="Strategy.h">
      <Filter>Исходные файлы</Filter>
    </ClInclude>
    <ClInclude Include="OnlyPay.h">
      <Filter>Исходные файлы</Filter>
    </ClInclude>
    <ClInclude Include="Context.h">
      <Filter>Исходные файлы</Filter>
    </ClInclude>
    <ClInclude Include="BronPay.h">
      <Filter>Исходные файлы</Filter>
    </ClInclude>
    <ClInclude Include="ReciverPay.h">
      <Filter>Исходные файлы</Filter>
    </ClInclude>
    <ClInclude Include="Play.h">
      <Filter>Исходные файлы</Filter>
    </ClInclude>
    <ClInclude Include="PlayFootbal.h">
      <Filter>Исходные файлы</Filter>
    </ClInclude>
    <ClInclude Include="PlayBascetbal.h">
      <Filter>Исходные файлы</Filter>
    </ClInclude>
    <ClInclude Include="Snapshot.h">
      <Filter>Исходные файлы</Filter>
    </ClInclude>
    <ClInclude Include="CareTacker.h">
      <Filter>Исходные файлы</Filter>
    </ClInclude>
  </ItemGroup>
</Project>